
Microsoft Visual Studio Solution File, Format Version 12.00
# Visual Studio Version 16
VisualStudioVersion = 16.0.31727.386
MinimumVisualStudioVersion = 10.0.40219.1
Project("{FAE04EC0-301F-11D3-BF4B-00C04F79EFBC}") = "QuizApplication", "QuizApplication\QuizApplication.csproj", "{8D12E83E-B564-4414-A4E3-EB043DB210AA}"
EndProject
Global
	GlobalSection(SolutionConfigurationPlatforms) = preSolution
		Debug|Any CPU = Debug|Any CPU
		Release|Any CPU = Release|Any CPU
	EndGlobalSection
	GlobalSection(ProjectConfigurationPlatforms) = postSolution
		{8D12E83E-B564-4414-A4E3-EB043DB210AA}.Debug|Any CPU.ActiveCfg = Debug|Any CPU
		{8D12E83E-B564-4414-A4E3-EB043DB210AA}.Debug|Any CPU.Build.0 = Debug|Any CPU
		{8D12E83E-B564-4414-A4E3-EB043DB210AA}.Release|Any CPU.ActiveCfg = Release|Any CPU
		{8D12E83E-B564-4414-A4E3-EB043DB210AA}.Release|Any CPU.Build.0 = Release|Any CPU
	EndGlobalSection
	GlobalSection(SolutionProperties) = preSolution
		HideSolutionNode = FALSE
	EndGlobalSection
	GlobalSection(ExtensibilityGlobals) = postSolution
		SolutionGuid = {53C0239D-39E1-4443-95A8-809E7487AC1B}
	EndGlobalSection
EndGlobal
